<?xml version="1.0" encoding="utf-8"?>
<Project xmlns="http://schemas.microsoft.com/developer/msbuild/2003">
  <ItemGroup>
    <Filter Include="Form Files">
      <UniqueIdentifier>{99349809-55BA-4b9d-BF79-8FDBB0286EB3}</UniqueIdentifier>
      <Extensions>ui</Extensions>
      <ParseFiles>false</ParseFiles>
    </Filter>
    <Filter Include="Form Files">
      <UniqueIdentifier>{99349809-55BA-4b9d-BF79-8FDBB0286EB3}</UniqueIdentifier>
      <Extensions>ui</Extensions>
      <ParseFiles>false</ParseFiles>
    </Filter>
    <Filter Include="Generated Files">
      <UniqueIdentifier>{71ED8ED8-ACB9-4CE9-BBE1-E00B30144E11}</UniqueIdentifier>
      <Extensions>cpp;c;cxx;moc;h;def;odl;idl;res;</Extensions>
    </Filter>
    <Filter Include="Generated Files">
      <UniqueIdentifier>{71ED8ED8-ACB9-4CE9-BBE1-E00B30144E11}</UniqueIdentifier>
      <Extensions>cpp;c;cxx;moc;h;def;odl;idl;res;</Extensions>
    </Filter>
    <Filter Include="Header Files">
      <UniqueIdentifier>{93995380-89BD-4b04-88EB-625FBE52EBFB}</UniqueIdentifier>
      <Extensions>h;hpp;hxx;hm;inl;inc;xsd</Extensions>
    </Filter>
    <Filter Include="Header Files">
      <UniqueIdentifier>{93995380-89BD-4b04-88EB-625FBE52EBFB}</UniqueIdentifier>
      <Extensions>h;hpp;hxx;hm;inl;inc;xsd</Extensions>
    </Filter>
    <Filter Include="Source Files">
      <UniqueIdentifier>{4FC737F1-C7A5-4376-A066-2A32D752A2FF}</UniqueIdentifier>
      <Extensions>cpp;c;cxx;def;odl;idl;hpj;bat;asm;asmx</Extensions>
    </Filter>
    <Filter Include="Source Files">
      <UniqueIdentifier>{4FC737F1-C7A5-4376-A066-2A32D752A2FF}</UniqueIdentifier>
      <Extensions>cpp;c;cxx;def;odl;idl;hpj;bat;asm;asmx</Extensions>
    </Filter>
    <Filter Include="Distribution Files">
      <UniqueIdentifier>{B83CAF91-C7BF-462F-B76C-EA11631F866C}</UniqueIdentifier>
      <Extensions>*</Extensions>
      <ParseFiles>false</ParseFiles>
    </Filter>
    <Filter Include="Distribution Files">
      <UniqueIdentifier>{B83CAF91-C7BF-462F-B76C-EA11631F866C}</UniqueIdentifier>
      <Extensions>*</Extensions>
      <ParseFiles>false</ParseFiles>
    </Filter>
  </ItemGroup>
  <ItemGroup>
    <ClCompile Include="anybarrier.cpp">
      <Filter>Source Files</Filter>
    </ClCompile>
    <ClCompile Include="anyboundingbox.cpp">
      <Filter>Source Files</Filter>
    </ClCompile>
    <ClCompile Include="anycell.cpp">
      <Filter>Source Files</Filter>
    </ClCompile>
    <ClCompile Include="anycellblock.cpp">
      <Filter>Source Files</Filter>
    </ClCompile>
    <ClCompile Include="anyeditable.cpp">
      <Filter>Source Files</Filter>
    </ClCompile>
    <ClCompile Include="anyeditabledialog.cpp">
      <Filter>Source Files</Filter>
    </ClCompile>
    <ClCompile Include="anyglobalsdialog.cpp">
      <Filter>Source Files</Filter>
    </ClCompile>
    <ClCompile Include="anyglobalsettings.cpp">
      <Filter>Source Files</Filter>
    </ClCompile>
    <ClCompile Include="anysimulationsettings.cpp">
      <Filter>Source Files</Filter>
    </ClCompile>
    <ClCompile Include="anytissuesettings.cpp">
      <Filter>Source Files</Filter>
    </ClCompile>
    <ClCompile Include="anytube.cpp">
      <Filter>Source Files</Filter>
    </ClCompile>
    <ClCompile Include="anytubebundle.cpp">
      <Filter>Source Files</Filter>
    </ClCompile>
    <ClCompile Include="anytubeline.cpp">
      <Filter>Source Files</Filter>
    </ClCompile>
    <ClCompile Include="anytubularsystemsettings.cpp">
      <Filter>Source Files</Filter>
    </ClCompile>
    <ClCompile Include="anyvisualsettings.cpp">
      <Filter>Source Files</Filter>
    </ClCompile>
    <ClCompile Include="color.cpp">
      <Filter>Source Files</Filter>
    </ClCompile>
    <ClCompile Include="columnresizer.cpp">
      <Filter>Source Files</Filter>
    </ClCompile>
    <ClCompile Include="config.cpp">
      <Filter>Source Files</Filter>
    </ClCompile>
    <ClCompile Include="glmodel.cpp">
      <Filter>Source Files</Filter>
    </ClCompile>
    <ClCompile Include="glshaderprogram.cpp">
      <Filter>Source Files</Filter>
    </ClCompile>
    <ClCompile Include="glwidget.cpp">
      <Filter>Source Files</Filter>
    </ClCompile>
    <ClCompile Include="log.cpp">
      <Filter>Source Files</Filter>
    </ClCompile>
    <ClCompile Include="main.cpp">
      <Filter>Source Files</Filter>
    </ClCompile>
    <ClCompile Include="mainwindow.cpp">
      <Filter>Source Files</Filter>
    </ClCompile>
    <ClCompile Include="myqapp.cpp">
      <Filter>Source Files</Filter>
    </ClCompile>
    <ClCompile Include="parser.cpp">
      <Filter>Source Files</Filter>
    </ClCompile>
    <ClCompile Include="scene.cpp">
      <Filter>Source Files</Filter>
    </ClCompile>
    <ClCompile Include="simulation.cpp">
      <Filter>Source Files</Filter>
    </ClCompile>
    <ClCompile Include="statistics.cpp">
      <Filter>Source Files</Filter>
    </ClCompile>
    <ClCompile Include="timers.cpp">
      <Filter>Source Files</Filter>
    </ClCompile>
    <ClCompile Include="Debug\moc_anyglobalsdialog.cpp">
      <Filter>Generated Files</Filter>
    </ClCompile>
    <ClCompile Include="Release\moc_anyglobalsdialog.cpp">
      <Filter>Generated Files</Filter>
    </ClCompile>
    <ClCompile Include="Debug\moc_myqapp.cpp">
      <Filter>Generated Files</Filter>
    </ClCompile>
    <ClCompile Include="Release\moc_myqapp.cpp">
      <Filter>Generated Files</Filter>
    </ClCompile>
    <ClCompile Include="Debug\moc_mainwindow.cpp">
      <Filter>Generated Files</Filter>
    </ClCompile>
    <ClCompile Include="Release\moc_mainwindow.cpp">
      <Filter>Generated Files</Filter>
    </ClCompile>
    <ClCompile Include="Debug\moc_columnresizer.cpp">
      <Filter>Generated Files</Filter>
    </ClCompile>
    <ClCompile Include="Release\moc_columnresizer.cpp">
      <Filter>Generated Files</Filter>
    </ClCompile>
    <ClCompile Include="Debug\moc_anyeditabledialog.cpp">
      <Filter>Generated Files</Filter>
    </ClCompile>
    <ClCompile Include="Release\moc_anyeditabledialog.cpp">
      <Filter>Generated Files</Filter>
    </ClCompile>
    <ClCompile Include="anyvector.cpp">
      <Filter>Source Files</Filter>
    </ClCompile>
  </ItemGroup>
  <ItemGroup>
    <ClInclude Include="anybarrier.h">
      <Filter>Header Files</Filter>
    </ClInclude>
    <ClInclude Include="anyboundingbox.h">
      <Filter>Header Files</Filter>
    </ClInclude>
    <ClInclude Include="anycell.h">
      <Filter>Header Files</Filter>
    </ClInclude>
    <ClInclude Include="anycellblock.h">
      <Filter>Header Files</Filter>
    </ClInclude>
    <ClInclude Include="anyeditable.h">
      <Filter>Header Files</Filter>
    </ClInclude>
    <CustomBuild Include="anyeditabledialog.h">
      <Filter>Header Files</Filter>
    </CustomBuild>
    <CustomBuild Include="anyglobalsdialog.h">
      <Filter>Header Files</Filter>
    </CustomBuild>
    <ClInclude Include="anyglobalsettings.h">
      <Filter>Header Files</Filter>
    </ClInclude>
    <ClInclude Include="anysimulationsettings.h">
      <Filter>Header Files</Filter>
    </ClInclude>
    <ClInclude Include="anytissuesettings.h">
      <Filter>Header Files</Filter>
    </ClInclude>
    <ClInclude Include="anytube.h">
      <Filter>Header Files</Filter>
    </ClInclude>
    <ClInclude Include="anytubebox.h">
      <Filter>Header Files</Filter>
    </ClInclude>
    <ClInclude Include="anytubebundle.h">
      <Filter>Header Files</Filter>
    </ClInclude>
    <ClInclude Include="anytubeline.h">
      <Filter>Header Files</Filter>
    </ClInclude>
    <ClInclude Include="anytubemerge.h">
      <Filter>Header Files</Filter>
    </ClInclude>
    <ClInclude Include="anytubularsystemsettings.h">
      <Filter>Header Files</Filter>
    </ClInclude>
    <ClInclude Include="anyvisualsettings.h">
      <Filter>Header Files</Filter>
    </ClInclude>
    <ClInclude Include="color.h">
      <Filter>Header Files</Filter>
    </ClInclude>
    <CustomBuild Include="columnresizer.h">
      <Filter>Header Files</Filter>
    </CustomBuild>
    <ClInclude Include="config.h">
      <Filter>Header Files</Filter>
    </ClInclude>
    <ClInclude Include="const.h">
      <Filter>Header Files</Filter>
    </ClInclude>
    <ClInclude Include="func.h">
      <Filter>Header Files</Filter>
    </ClInclude>
    <ClInclude Include="glmodel.h">
      <Filter>Header Files</Filter>
    </ClInclude>
    <ClInclude Include="glshaderprogram.h">
      <Filter>Header Files</Filter>
    </ClInclude>
    <ClInclude Include="glwidget.h">
      <Filter>Header Files</Filter>
    </ClInclude>
    <ClInclude Include="graphwidget.h">
      <Filter>Header Files</Filter>
    </ClInclude>
    <ClInclude Include="log.h">
      <Filter>Header Files</Filter>
    </ClInclude>
    <CustomBuild Include="mainwindow.h">
      <Filter>Header Files</Filter>
    </CustomBuild>
    <ClInclude Include="model.h">
      <Filter>Header Files</Filter>
    </ClInclude>
    <CustomBuild Include="myqapp.h">
      <Filter>Header Files</Filter>
    </CustomBuild>
    <ClInclude Include="openglstaff.h">
      <Filter>Header Files</Filter>
    </ClInclude>
    <ClInclude Include="parser.h">
      <Filter>Header Files</Filter>
    </ClInclude>
    <ClInclude Include="scene.h">
      <Filter>Header Files</Filter>
    </ClInclude>
    <ClInclude Include="simulation.h">
      <Filter>Header Files</Filter>
    </ClInclude>
    <ClInclude Include="statistics.h">
      <Filter>Header Files</Filter>
    </ClInclude>
    <ClInclude Include="timers.h">
      <Filter>Header Files</Filter>
    </ClInclude>
    <ClInclude Include="transform.h">
      <Filter>Header Files</Filter>
    </ClInclude>
    <ClInclude Include="types.h">
      <Filter>Header Files</Filter>
    </ClInclude>
    <ClInclude Include="version.h">
      <Filter>Header Files</Filter>
    </ClInclude>
    <ClInclude Include="GeneratedFiles\ui_dialogEditable.h">
      <Filter>Generated Files</Filter>
    </ClInclude>
    <ClInclude Include="GeneratedFiles\ui_dialogGlobals.h">
      <Filter>Generated Files</Filter>
    </ClInclude>
    <ClInclude Include="GeneratedFiles\ui_dialogRun.h">
      <Filter>Generated Files</Filter>
    </ClInclude>
    <ClInclude Include="GeneratedFiles\ui_mainwindow.h">
      <Filter>Generated Files</Filter>
    </ClInclude>
    <ClInclude Include="anyvector.h">
      <Filter>Header Files</Filter>
    </ClInclude>
  </ItemGroup>
  <ItemGroup>
    <CustomBuild Include="debug\moc_predefs.h.cbt">
      <Filter>Generated Files</Filter>
    </CustomBuild>
    <CustomBuild Include="release\moc_predefs.h.cbt">
      <Filter>Generated Files</Filter>
    </CustomBuild>
  </ItemGroup>
  <ItemGroup>
    <CustomBuild Include="dialogEditable.ui">
      <Filter>Form Files</Filter>
    </CustomBuild>
    <CustomBuild Include="dialogGlobals.ui">
      <Filter>Form Files</Filter>
    </CustomBuild>
    <CustomBuild Include="dialogRun.ui">
      <Filter>Form Files</Filter>
    </CustomBuild>
    <CustomBuild Include="mainwindow.ui">
      <Filter>Form Files</Filter>
    </CustomBuild>
  </ItemGroup>
  <ItemGroup>
    <None Include="..\..\include\shadersInstanced.glsl">
      <Filter>Distribution Files</Filter>
    </None>
    <None Include="..\..\include\shadersOverlay.glsl">
      <Filter>Distribution Files</Filter>
    </None>
    <None Include="..\..\include\shadersSimple.glsl">
      <Filter>Distribution Files</Filter>
    </None>
    <None Include="..\..\include\shadersWireframe.glsl">
      <Filter>Distribution Files</Filter>
    </None>
  </ItemGroup>
  <ItemGroup>
    <ResourceCompile Include="editor.rc" />
  </ItemGroup>
</Project>